Microsoft Visual Studio Solution File, Format Version 12.00
# Visual Studio 2012
Project("{FAE04EC0-301F-11D3-BF4B-00C04F79EFBC}") = "Helion4x", "Helion4x.csproj", "{4ACECABA-E718-48F6-9896-5B8C8129CA21}"
EndProject
Global
	GlobalSection(SolutionConfigurationPlatforms) = preSolution
	Debug|Any CPU = Debug|Any CPU
	ExportDebug|Any CPU = ExportDebug|Any CPU
	ExportRelease|Any CPU = ExportRelease|Any CPU
	EndGlobalSection
	GlobalSection(ProjectConfigurationPlatforms) = postSolution
		{4ACECABA-E718-48F6-9896-5B8C8129CA21}.Debug|Any CPU.ActiveCfg = Debug|Any CPU
		{4ACECABA-E718-48F6-9896-5B8C8129CA21}.Debug|Any CPU.Build.0 = Debug|Any CPU
		{4ACECABA-E718-48F6-9896-5B8C8129CA21}.ExportDebug|Any CPU.ActiveCfg = ExportDebug|Any CPU
		{4ACECABA-E718-48F6-9896-5B8C8129CA21}.ExportDebug|Any CPU.Build.0 = ExportDebug|Any CPU
		{4ACECABA-E718-48F6-9896-5B8C8129CA21}.ExportRelease|Any CPU.ActiveCfg = ExportRelease|Any CPU
		{4ACECABA-E718-48F6-9896-5B8C8129CA21}.ExportRelease|Any CPU.Build.0 = ExportRelease|Any CPU
	EndGlobalSection
EndGlobal
