Microsoft Visual Studio Solution File, Format Version 12.00
# Visual Studio 2012
Project("{FAE04EC0-301F-11D3-BF4B-00C04F79EFBC}") = "Helion4x", "Helion4x.csproj", "{ABB8B47B-145D-451D-9B74-4FFD0CD9FBC4}"
EndProject
Project("{FAE04EC0-301F-11D3-BF4B-00C04F79EFBC}") = "Helion4xTests", "..\Helion4xTests\Helion4xTests.csproj", "{494CA4D8-B358-4753-ABBE-C949B78E1587}"
EndProject
Global
	GlobalSection(SolutionConfigurationPlatforms) = preSolution
	Debug|Any CPU = Debug|Any CPU
	ExportDebug|Any CPU = ExportDebug|Any CPU
	ExportRelease|Any CPU = ExportRelease|Any CPU
	EndGlobalSection
	GlobalSection(ProjectConfigurationPlatforms) = postSolution
		{ABB8B47B-145D-451D-9B74-4FFD0CD9FBC4}.Debug|Any CPU.ActiveCfg = Debug|Any CPU
		{ABB8B47B-145D-451D-9B74-4FFD0CD9FBC4}.Debug|Any CPU.Build.0 = Debug|Any CPU
		{ABB8B47B-145D-451D-9B74-4FFD0CD9FBC4}.ExportDebug|Any CPU.ActiveCfg = ExportDebug|Any CPU
		{ABB8B47B-145D-451D-9B74-4FFD0CD9FBC4}.ExportDebug|Any CPU.Build.0 = ExportDebug|Any CPU
		{ABB8B47B-145D-451D-9B74-4FFD0CD9FBC4}.ExportRelease|Any CPU.ActiveCfg = ExportRelease|Any CPU
		{ABB8B47B-145D-451D-9B74-4FFD0CD9FBC4}.ExportRelease|Any CPU.Build.0 = ExportRelease|Any CPU
		{494CA4D8-B358-4753-ABBE-C949B78E1587}.Debug|Any CPU.ActiveCfg = Debug|Any CPU
		{494CA4D8-B358-4753-ABBE-C949B78E1587}.Debug|Any CPU.Build.0 = Debug|Any CPU
		{494CA4D8-B358-4753-ABBE-C949B78E1587}.ExportDebug|Any CPU.ActiveCfg = Debug|Any CPU
		{494CA4D8-B358-4753-ABBE-C949B78E1587}.ExportDebug|Any CPU.Build.0 = Debug|Any CPU
		{494CA4D8-B358-4753-ABBE-C949B78E1587}.ExportRelease|Any CPU.ActiveCfg = Debug|Any CPU
		{494CA4D8-B358-4753-ABBE-C949B78E1587}.ExportRelease|Any CPU.Build.0 = Debug|Any CPU
	EndGlobalSection
EndGlobal
